{
  "version": 4,
  "terraform_version": "1.1.7",
  "serial": 9,
  "lineage": "1c17d9cc-a421-32a2-bc83-190d535040bd",
  "outputs": {},
  "resources": [
    {
      "module": "module.sample-module",
      "mode": "managed",
      "type": "aws_s3_bucket",
      "name": "s3_bucket",
      "provider": "provider[\"registry.terraform.io/hashicorp/aws\"]",
      "instances": [
        {
          "schema_version": 0,
          "attributes": {
            "acceleration_status": "",
            "acl": "private",
            "arn": "arn:aws:s3:::terraform-modules-pocserdar-2022-03-16",
            "bucket": "terraform-modules-pocserdar-2022-03-16",
            "bucket_domain_name": "terraform-modules-pocserdar-2022-03-16.s3.amazonaws.com",
            "bucket_prefix": null,
            "bucket_regional_domain_name": "terraform-modules-pocserdar-2022-03-16.s3.eu-west-1.amazonaws.com",
            "cors_rule": [],
            "force_destroy": false,
            "grant": [],
            "hosted_zone_id": "Z1BKCTXD74EZPE",
            "id": "terraform-modules-pocserdar-2022-03-16",
            "lifecycle_rule": [],
            "logging": [],
            "object_lock_configuration": [],
            "object_lock_enabled": false,
            "policy": "",
            "region": "eu-west-1",
            "replication_configuration": [],
            "request_payer": "BucketOwner",
            "server_side_encryption_configuration": [],
            "tags": {
              "Environment": "staging",
              "Terraform": "true"
            },
            "tags_all": {
              "Environment": "staging",
              "Terraform": "true"
            },
            "versioning": [
              {
                "enabled": false,
                "mfa_delete": false
              }
            ],
            "website": [],
            "website_domain": null,
            "website_endpoint": null
          },
          "sensitive_attributes": [],
          "private": "bnVsbA=="
        }
      ]
    },
    {
      "module": "module.sample-module",
      "mode": "managed",
      "type": "aws_s3_bucket_policy",
      "name": "s3_bucket",
      "provider": "provider[\"registry.terraform.io/hashicorp/aws\"]",
      "instances": [
        {
          "schema_version": 0,
          "attributes": {
            "bucket": "terraform-modules-pocserdar-2022-03-16",
            "id": "terraform-modules-pocserdar-2022-03-16",
            "policy": "{\"Statement\":[{\"Action\":\"s3:GetObject\",\"Effect\":\"Allow\",\"Principal\":\"*\",\"Resource\":[\"arn:aws:s3:::terraform-modules-pocserdar-2022-03-16\",\"arn:aws:s3:::terraform-modules-pocserdar-2022-03-16/*\"],\"Sid\":\"PublicReadGetObject\"}],\"Version\":\"2012-10-17\"}"
          },
          "sensitive_attributes": [],
          "private": "bnVsbA==",
          "dependencies": [
            "module.sample-module.aws_s3_bucket.s3_bucket"
          ]
        }
      ]
    }
  ]
}
